<?xml version="1.0" encoding="utf-8"?>
<Project ToolsVersion="4.0" xmlns="http://schemas.microsoft.com/developer/msbuild/2003">
  <ItemGroup>
    <ClInclude Include="Main\Config.hpp" />
    <ClInclude Include="Application\Application.hpp" />
    <ClInclude Include="Application\Login\Login.hpp" />
    <ClInclude Include="Include\Crow.hpp" />
    <ClInclude Include="Database\Users.hpp" />
    <ClInclude Include="Application\Register\Register.hpp" />
    <ClInclude Include="Session\Session.hpp" />
    <ClInclude Include="Include\CookieUtils.hpp" />
    <ClInclude Include="Include\Mailer\Mailer.hpp" />
    <ClInclude Include="Application\TwoFactor\TwoFactor.hpp" />
    <ClInclude Include="Include\RateLimit\RateLimit.hpp" />
    <ClInclude Include="Include\RateLimit\GlobalRateLimitMiddleware.hpp" />
  </ItemGroup>
  <ItemGroup>
    <ClCompile Include="Main\Main.cpp" />
    <ClCompile Include="Application\Application.cpp" />
    <ClCompile Include="Application\Login\Login.cpp" />
    <ClCompile Include="Database\Users.cpp" />
    <ClCompile Include="Application\Register\Register.cpp" />
    <ClCompile Include="Session\Session.cpp" />
    <ClCompile Include="Include\Mailer\Mailer.cpp" />
    <ClCompile Include="Application\TwoFactor\TwoFactor.cpp" />
    <ClCompile Include="Include\RateLimit\RateLimit.cpp" />
  </ItemGroup>
  <ItemGroup>
    <None Include="Include\Pages\Login\script.js" />
    <None Include="Include\Pages\Login\Login.html" />
    <None Include="Include\Pages\Login\style.css" />
    <None Include="Include\Pages\2FA\2FA.html" />
    <None Include="Include\Pages\2FA\script.js" />
    <None Include="Include\Pages\2FA\style.css" />
    <None Include="Include\Pages\Dashboard\Dashboard.html" />
    <None Include="Include\Pages\Dashboard\script.js" />
    <None Include="Include\Pages\Dashboard\style.css" />
    <None Include="Include\Pages\ForgotCredentials\ForgotCredentials.html" />
    <None Include="Include\Pages\ForgotCredentials\script.js" />
    <None Include="Include\Pages\ForgotCredentials\style.css" />
    <None Include="Include\Pages\Register\Register.html" />
    <None Include="Include\Pages\Register\script.js" />
    <None Include="Include\Pages\Register\style.css" />
  </ItemGroup>
</Project>